
Microsoft Visual Studio Solution File, Format Version 12.00
# Visual Studio Version 17
VisualStudioVersion = 17.5.002.0
MinimumVisualStudioVersion = 10.0.40219.1
Project("{9A19103F-16F7-4668-BE54-9A1E7A4F7556}") = "DebuggFeladat", "DebuggFeladat.csproj", "{ECC8422D-0412-4E7C-87B0-84338B98F955}"
EndProject
Global
	GlobalSection(SolutionConfigurationPlatforms) = preSolution
		Debug|Any CPU = Debug|Any CPU
		Release|Any CPU = Release|Any CPU
	EndGlobalSection
	GlobalSection(ProjectConfigurationPlatforms) = postSolution
		{ECC8422D-0412-4E7C-87B0-84338B98F955}.Debug|Any CPU.ActiveCfg = Debug|Any CPU
		{ECC8422D-0412-4E7C-87B0-84338B98F955}.Debug|Any CPU.Build.0 = Debug|Any CPU
		{ECC8422D-0412-4E7C-87B0-84338B98F955}.Release|Any CPU.ActiveCfg = Release|Any CPU
		{ECC8422D-0412-4E7C-87B0-84338B98F955}.Release|Any CPU.Build.0 = Release|Any CPU
	EndGlobalSection
	GlobalSection(SolutionProperties) = preSolution
		HideSolutionNode = FALSE
	EndGlobalSection
	GlobalSection(ExtensibilityGlobals) = postSolution
		SolutionGuid = {8DEB2CE7-1882-4753-ADB5-3D5BC4677C92}
	EndGlobalSection
EndGlobal
